PODS:
  - boost-for-react-native (1.63.0)
  - CocoaAsyncSocket (7.6.5)
  - DoubleConversion (1.1.6)
  - FBLazyVector (0.65.2)
  - FBReactNativeSpec (0.65.2):
    - RCT-Folly (= 2021.04.26.00)
    - RCTRequired (= 0.65.2)
    - RCTTypeSafety (= 0.65.2)
    - React-Core (= 0.65.2)
    - React-jsi (= 0.65.2)
    - ReactCommon/turbomodule/core (= 0.65.2)
  - Flipper (0.93.0):
    - Flipper-Folly (~> 2.6)
    - Flipper-RSocket (~> 1.4)
  - Flipper-Boost-iOSX (1.76.0.1.11)
  - Flipper-DoubleConversion (3.1.7)
  - Flipper-Fmt (7.1.7)
  - Flipper-Folly (2.6.7):
    - Flipper-Boost-iOSX
    - Flipper-DoubleConversion
    - Flipper-Fmt (= 7.1.7)
    - Flipper-Glog
    - libevent (~> 2.1.12)
    - OpenSSL-Universal (= 1.1.180)
  - Flipper-Glog (0.3.6)
  - Flipper-PeerTalk (0.0.4)
  - Flipper-RSocket (1.4.3):
    - Flipper-Folly (~> 2.6)
  - FlipperKit (0.93.0):
    - FlipperKit/Core (= 0.93.0)
  - FlipperKit/Core (0.93.0):
    - Flipper (~> 0.93.0)
    - FlipperKit/CppBridge
    - FlipperKit/FBCxxFollyDynamicConvert
    - FlipperKit/FBDefines
    - FlipperKit/FKPortForwarding
  - FlipperKit/CppBridge (0.93.0):
    - Flipper (~> 0.93.0)
  - FlipperKit/FBCxxFollyDynamicConvert (0.93.0):
    - Flipper-Folly (~> 2.6)
  - FlipperKit/FBDefines (0.93.0)
  - FlipperKit/FKPortForwarding (0.93.0):
    - CocoaAsyncSocket (~> 7.6)
    - Flipper-PeerTalk (~> 0.0.4)
  - FlipperKit/FlipperKitHighlightOverlay (0.93.0)
  - FlipperKit/FlipperKitLayoutHelpers (0.93.0):
    - FlipperKit/Core
    - FlipperKit/FlipperKitHighlightOverlay
    - FlipperKit/FlipperKitLayoutTextSearchable
  - FlipperKit/FlipperKitLayoutIOSDescriptors (0.93.0):
    - FlipperKit/Core
    - FlipperKit/FlipperKitHighlightOverlay
    - FlipperKit/FlipperKitLayoutHelpers
    - YogaKit (~> 1.18)
  - FlipperKit/FlipperKitLayoutPlugin (0.93.0):
    - FlipperKit/Core
    - FlipperKit/FlipperKitHighlightOverlay
    - FlipperKit/FlipperKitLayoutHelpers
    - FlipperKit/FlipperKitLayoutIOSDescriptors
    - FlipperKit/FlipperKitLayoutTextSearchable
    - YogaKit (~> 1.18)
  - FlipperKit/FlipperKitLayoutTextSearchable (0.93.0)
  - FlipperKit/FlipperKitNetworkPlugin (0.93.0):
    - FlipperKit/Core
  - FlipperKit/FlipperKitReactPlugin (0.93.0):
    - FlipperKit/Core
  - FlipperKit/FlipperKitUserDefaultsPlugin (0.93.0):
    - FlipperKit/Core
  - FlipperKit/SKIOSNetworkPlugin (0.93.0):
    - FlipperKit/Core
    - FlipperKit/FlipperKitNetworkPlugin
  - fmt (6.2.1)
  - glog (0.3.5)
  - libevent (2.1.12)
  - OpenSSL-Universal (1.1.180)
  - RCT-Folly (2021.04.26.00):
    - boost-for-react-native
    - DoubleConversion
    - fmt (~> 6.2.1)
    - glog
    - RCT-Folly/Default (= 2021.04.26.00)
  - RCT-Folly/Default (2021.04.26.00):
    - boost-for-react-native
    - DoubleConversion
    - fmt (~> 6.2.1)
    - glog
  - RCTRequired (0.65.2)
  - RCTTypeSafety (0.65.2):
    - FBLazyVector (= 0.65.2)
    - RCT-Folly (= 2021.04.26.00)
    - RCTRequired (= 0.65.2)
    - React-Core (= 0.65.2)
  - React (0.65.2):
    - React-Core (= 0.65.2)
    - React-Core/DevSupport (= 0.65.2)
    - React-Core/RCTWebSocket (= 0.65.2)
    - React-RCTActionSheet (= 0.65.2)
    - React-RCTAnimation (= 0.65.2)
    - React-RCTBlob (= 0.65.2)
    - React-RCTImage (= 0.65.2)
    - React-RCTLinking (= 0.65.2)
    - React-RCTNetwork (= 0.65.2)
    - React-RCTSettings (= 0.65.2)
    - React-RCTText (= 0.65.2)
    - React-RCTVibration (= 0.65.2)
  - React-callinvoker (0.65.2)
  - React-Core (0.65.2):
    - glog
    - RCT-Folly (= 2021.04.26.00)
    - React-Core/Default (= 0.65.2)
    - React-cxxreact (= 0.65.2)
    - React-jsi (= 0.65.2)
    - React-jsiexecutor (= 0.65.2)
    - React-perflogger (= 0.65.2)
    - Yoga
  - React-Core/CoreModulesHeaders (0.65.2):
    - glog
    - RCT-Folly (= 2021.04.26.00)
    - React-Core/Default
    - React-cxxreact (= 0.65.2)
    - React-jsi (= 0.65.2)
    - React-jsiexecutor (= 0.65.2)
    - React-perflogger (= 0.65.2)
    - Yoga
  - React-Core/Default (0.65.2):
    - glog
    - RCT-Folly (= 2021.04.26.00)
    - React-cxxreact (= 0.65.2)
    - React-jsi (= 0.65.2)
    - React-jsiexecutor (= 0.65.2)
    - React-perflogger (= 0.65.2)
    - Yoga
  - React-Core/DevSupport (0.65.2):
    - glog
    - RCT-Folly (= 2021.04.26.00)
    - React-Core/Default (= 0.65.2)
    - React-Core/RCTWebSocket (= 0.65.2)
    - React-cxxreact (= 0.65.2)
    - React-jsi (= 0.65.2)
    - React-jsiexecutor (= 0.65.2)
    - React-jsinspector (= 0.65.2)
    - React-perflogger (= 0.65.2)
    - Yoga
  - React-Core/RCTActionSheetHeaders (0.65.2):
    - glog
    - RCT-Folly (= 2021.04.26.00)
    - React-Core/Default
    - React-cxxreact (= 0.65.2)
    - React-jsi (= 0.65.2)
    - React-jsiexecutor (= 0.65.2)
    - React-perflogger (= 0.65.2)
    - Yoga
  - React-Core/RCTAnimationHeaders (0.65.2):
    - glog
    - RCT-Folly (= 2021.04.26.00)
    - React-Core/Default
    - React-cxxreact (= 0.65.2)
    - React-jsi (= 0.65.2)
    - React-jsiexecutor (= 0.65.2)
    - React-perflogger (= 0.65.2)
    - Yoga
  - React-Core/RCTBlobHeaders (0.65.2):
    - glog
    - RCT-Folly (= 2021.04.26.00)
    - React-Core/Default
    - React-cxxreact (= 0.65.2)
    - React-jsi (= 0.65.2)
    - React-jsiexecutor (= 0.65.2)
    - React-perflogger (= 0.65.2)
    - Yoga
  - React-Core/RCTImageHeaders (0.65.2):
    - glog
    - RCT-Folly (= 2021.04.26.00)
    - React-Core/Default
    - React-cxxreact (= 0.65.2)
    - React-jsi (= 0.65.2)
    - React-jsiexecutor (= 0.65.2)
    - React-perflogger (= 0.65.2)
    - Yoga
  - React-Core/RCTLinkingHeaders (0.65.2):
    - glog
    - RCT-Folly (= 2021.04.26.00)
    - React-Core/Default
    - React-cxxreact (= 0.65.2)
    - React-jsi (= 0.65.2)
    - React-jsiexecutor (= 0.65.2)
    - React-perflogger (= 0.65.2)
    - Yoga
  - React-Core/RCTNetworkHeaders (0.65.2):
    - glog
    - RCT-Folly (= 2021.04.26.00)
    - React-Core/Default
    - React-cxxreact (= 0.65.2)
    - React-jsi (= 0.65.2)
    - React-jsiexecutor (= 0.65.2)
    - React-perflogger (= 0.65.2)
    - Yoga
  - React-Core/RCTSettingsHeaders (0.65.2):
    - glog
    - RCT-Folly (= 2021.04.26.00)
    - React-Core/Default
    - React-cxxreact (= 0.65.2)
    - React-jsi (= 0.65.2)
    - React-jsiexecutor (= 0.65.2)
    - React-perflogger (= 0.65.2)
    - Yoga
  - React-Core/RCTTextHeaders (0.65.2):
    - glog
    - RCT-Folly (= 2021.04.26.00)
    - React-Core/Default
    - React-cxxreact (= 0.65.2)
    - React-jsi (= 0.65.2)
    - React-jsiexecutor (= 0.65.2)
    - React-perflogger (= 0.65.2)
    - Yoga
  - React-Core/RCTVibrationHeaders (0.65.2):
    - glog
    - RCT-Folly (= 2021.04.26.00)
    - React-Core/Default
    - React-cxxreact (= 0.65.2)
    - React-jsi (= 0.65.2)
    - React-jsiexecutor (= 0.65.2)
    - React-perflogger (= 0.65.2)
    - Yoga
  - React-Core/RCTWebSocket (0.65.2):
    - glog
    - RCT-Folly (= 2021.04.26.00)
    - React-Core/Default (= 0.65.2)
    - React-cxxreact (= 0.65.2)
    - React-jsi (= 0.65.2)
    - React-jsiexecutor (= 0.65.2)
    - React-perflogger (= 0.65.2)
    - Yoga
  - React-CoreModules (0.65.2):
    - FBReactNativeSpec (= 0.65.2)
    - RCT-Folly (= 2021.04.26.00)
    - RCTTypeSafety (= 0.65.2)
    - React-Core/CoreModulesHeaders (= 0.65.2)
    - React-jsi (= 0.65.2)
    - React-RCTImage (= 0.65.2)
    - ReactCommon/turbomodule/core (= 0.65.2)
  - React-cxxreact (0.65.2):
    - boost-for-react-native (= 1.63.0)
    - DoubleConversion
    - glog
    - RCT-Folly (= 2021.04.26.00)
    - React-callinvoker (= 0.65.2)
    - React-jsi (= 0.65.2)
    - React-jsinspector (= 0.65.2)
    - React-perflogger (= 0.65.2)
    - React-runtimeexecutor (= 0.65.2)
  - React-jsi (0.65.2):
    - boost-for-react-native (= 1.63.0)
    - DoubleConversion
    - glog
    - RCT-Folly (= 2021.04.26.00)
    - React-jsi/Default (= 0.65.2)
  - React-jsi/Default (0.65.2):
    - boost-for-react-native (= 1.63.0)
    - DoubleConversion
    - glog
    - RCT-Folly (= 2021.04.26.00)
  - React-jsiexecutor (0.65.2):
    - DoubleConversion
    - glog
    - RCT-Folly (= 2021.04.26.00)
    - React-cxxreact (= 0.65.2)
    - React-jsi (= 0.65.2)
    - React-perflogger (= 0.65.2)
  - React-jsinspector (0.65.2)
  - react-native-slider (4.2.4):
    - React-Core
  - React-perflogger (0.65.2)
  - React-RCTActionSheet (0.65.2):
    - React-Core/RCTActionSheetHeaders (= 0.65.2)
  - React-RCTAnimation (0.65.2):
    - FBReactNativeSpec (= 0.65.2)
    - RCT-Folly (= 2021.04.26.00)
    - RCTTypeSafety (= 0.65.2)
    - React-Core/RCTAnimationHeaders (= 0.65.2)
    - React-jsi (= 0.65.2)
    - ReactCommon/turbomodule/core (= 0.65.2)
  - React-RCTBlob (0.65.2):
    - FBReactNativeSpec (= 0.65.2)
    - RCT-Folly (= 2021.04.26.00)
    - React-Core/RCTBlobHeaders (= 0.65.2)
    - React-Core/RCTWebSocket (= 0.65.2)
    - React-jsi (= 0.65.2)
    - React-RCTNetwork (= 0.65.2)
    - ReactCommon/turbomodule/core (= 0.65.2)
  - React-RCTImage (0.65.2):
    - FBReactNativeSpec (= 0.65.2)
    - RCT-Folly (= 2021.04.26.00)
    - RCTTypeSafety (= 0.65.2)
    - React-Core/RCTImageHeaders (= 0.65.2)
    - React-jsi (= 0.65.2)
    - React-RCTNetwork (= 0.65.2)
    - ReactCommon/turbomodule/core (= 0.65.2)
  - React-RCTLinking (0.65.2):
    - FBReactNativeSpec (= 0.65.2)
    - React-Core/RCTLinkingHeaders (= 0.65.2)
    - React-jsi (= 0.65.2)
    - ReactCommon/turbomodule/core (= 0.65.2)
  - React-RCTNetwork (0.65.2):
    - FBReactNativeSpec (= 0.65.2)
    - RCT-Folly (= 2021.04.26.00)
    - RCTTypeSafety (= 0.65.2)
    - React-Core/RCTNetworkHeaders (= 0.65.2)
    - React-jsi (= 0.65.2)
    - ReactCommon/turbomodule/core (= 0.65.2)
  - React-RCTSettings (0.65.2):
    - FBReactNativeSpec (= 0.65.2)
    - RCT-Folly (= 2021.04.26.00)
    - RCTTypeSafety (= 0.65.2)
    - React-Core/RCTSettingsHeaders (= 0.65.2)
    - React-jsi (= 0.65.2)
    - ReactCommon/turbomodule/core (= 0.65.2)
  - React-RCTText (0.65.2):
    - React-Core/RCTTextHeaders (= 0.65.2)
  - React-RCTVibration (0.65.2):
    - FBReactNativeSpec (= 0.65.2)
    - RCT-Folly (= 2021.04.26.00)
    - React-Core/RCTVibrationHeaders (= 0.65.2)
    - React-jsi (= 0.65.2)
    - ReactCommon/turbomodule/core (= 0.65.2)
  - React-runtimeexecutor (0.65.2):
    - React-jsi (= 0.65.2)
  - ReactCommon/turbomodule/core (0.65.2):
    - DoubleConversion
    - glog
    - RCT-Folly (= 2021.04.26.00)
    - React-callinvoker (= 0.65.2)
    - React-Core (= 0.65.2)
    - React-cxxreact (= 0.65.2)
    - React-jsi (= 0.65.2)
    - React-perflogger (= 0.65.2)
  - Yoga (1.14.0)
  - YogaKit (1.18.1):
    - Yoga (~> 1.14)

DEPENDENCIES:
  - DoubleConversion (from `../../node_modules/react-native/third-party-podspecs/DoubleConversion.podspec`)
  - FBLazyVector (from `../../node_modules/react-native/Libraries/FBLazyVector`)
  - FBReactNativeSpec (from `../../node_modules/react-native/React/FBReactNativeSpec`)
  - Flipper (= 0.93.0)
  - Flipper-Boost-iOSX (= 1.76.0.1.11)
  - Flipper-DoubleConversion (= 3.1.7)
  - Flipper-Fmt (= 7.1.7)
  - Flipper-Folly (= 2.6.7)
  - Flipper-Glog (= 0.3.6)
  - Flipper-PeerTalk (= 0.0.4)
  - Flipper-RSocket (= 1.4.3)
  - FlipperKit (= 0.93.0)
  - FlipperKit/Core (= 0.93.0)
  - FlipperKit/CppBridge (= 0.93.0)
  - FlipperKit/FBCxxFollyDynamicConvert (= 0.93.0)
  - FlipperKit/FBDefines (= 0.93.0)
  - FlipperKit/FKPortForwarding (= 0.93.0)
  - FlipperKit/FlipperKitHighlightOverlay (= 0.93.0)
  - FlipperKit/FlipperKitLayoutPlugin (= 0.93.0)
  - FlipperKit/FlipperKitLayoutTextSearchable (= 0.93.0)
  - FlipperKit/FlipperKitNetworkPlugin (= 0.93.0)
  - FlipperKit/FlipperKitReactPlugin (= 0.93.0)
  - FlipperKit/FlipperKitUserDefaultsPlugin (= 0.93.0)
  - FlipperKit/SKIOSNetworkPlugin (= 0.93.0)
  - glog (from `../../node_modules/react-native/third-party-podspecs/glog.podspec`)
  - RCT-Folly (from `../../node_modules/react-native/third-party-podspecs/RCT-Folly.podspec`)
  - RCTRequired (from `../../node_modules/react-native/Libraries/RCTRequired`)
  - RCTTypeSafety (from `../../node_modules/react-native/Libraries/TypeSafety`)
  - React (from `../../node_modules/react-native/`)
  - React-callinvoker (from `../../node_modules/react-native/ReactCommon/callinvoker`)
  - React-Core (from `../../node_modules/react-native/`)
  - React-Core/DevSupport (from `../../node_modules/react-native/`)
  - React-Core/RCTWebSocket (from `../../node_modules/react-native/`)
  - React-CoreModules (from `../../node_modules/react-native/React/CoreModules`)
  - React-cxxreact (from `../../node_modules/react-native/ReactCommon/cxxreact`)
  - React-jsi (from `../../node_modules/react-native/ReactCommon/jsi`)
  - React-jsiexecutor (from `../../node_modules/react-native/ReactCommon/jsiexecutor`)
  - React-jsinspector (from `../../node_modules/react-native/ReactCommon/jsinspector`)
  - "react-native-slider (from `../node_modules/@react-native-community/slider`)"
  - React-perflogger (from `../../node_modules/react-native/ReactCommon/reactperflogger`)
  - React-RCTActionSheet (from `../../node_modules/react-native/Libraries/ActionSheetIOS`)
  - React-RCTAnimation (from `../../node_modules/react-native/Libraries/NativeAnimation`)
  - React-RCTBlob (from `../../node_modules/react-native/Libraries/Blob`)
  - React-RCTImage (from `../../node_modules/react-native/Libraries/Image`)
  - React-RCTLinking (from `../../node_modules/react-native/Libraries/LinkingIOS`)
  - React-RCTNetwork (from `../../node_modules/react-native/Libraries/Network`)
  - React-RCTSettings (from `../../node_modules/react-native/Libraries/Settings`)
  - React-RCTText (from `../../node_modules/react-native/Libraries/Text`)
  - React-RCTVibration (from `../../node_modules/react-native/Libraries/Vibration`)
  - React-runtimeexecutor (from `../../node_modules/react-native/ReactCommon/runtimeexecutor`)
  - ReactCommon/turbomodule/core (from `../../node_modules/react-native/ReactCommon`)
  - Yoga (from `../../node_modules/react-native/ReactCommon/yoga`)

SPEC REPOS:
  trunk:
    - boost-for-react-native
    - CocoaAsyncSocket
    - Flipper
    - Flipper-Boost-iOSX
    - Flipper-DoubleConversion
    - Flipper-Fmt
    - Flipper-Folly
    - Flipper-Glog
    - Flipper-PeerTalk
    - Flipper-RSocket
    - FlipperKit
    - fmt
    - libevent
    - OpenSSL-Universal
    - YogaKit

EXTERNAL SOURCES:
  DoubleConversion:
    :podspec: "../../node_modules/react-native/third-party-podspecs/DoubleConversion.podspec"
  FBLazyVector:
    :path: "../../node_modules/react-native/Libraries/FBLazyVector"
  FBReactNativeSpec:
    :path: "../../node_modules/react-native/React/FBReactNativeSpec"
  glog:
    :podspec: "../../node_modules/react-native/third-party-podspecs/glog.podspec"
  RCT-Folly:
    :podspec: "../../node_modules/react-native/third-party-podspecs/RCT-Folly.podspec"
  RCTRequired:
    :path: "../../node_modules/react-native/Libraries/RCTRequired"
  RCTTypeSafety:
    :path: "../../node_modules/react-native/Libraries/TypeSafety"
  React:
    :path: "../../node_modules/react-native/"
  React-callinvoker:
    :path: "../../node_modules/react-native/ReactCommon/callinvoker"
  React-Core:
    :path: "../../node_modules/react-native/"
  React-CoreModules:
    :path: "../../node_modules/react-native/React/CoreModules"
  React-cxxreact:
    :path: "../../node_modules/react-native/ReactCommon/cxxreact"
  React-jsi:
    :path: "../../node_modules/react-native/ReactCommon/jsi"
  React-jsiexecutor:
    :path: "../../node_modules/react-native/ReactCommon/jsiexecutor"
  React-jsinspector:
    :path: "../../node_modules/react-native/ReactCommon/jsinspector"
  react-native-slider:
    :path: "../node_modules/@react-native-community/slider"
  React-perflogger:
    :path: "../../node_modules/react-native/ReactCommon/reactperflogger"
  React-RCTActionSheet:
    :path: "../../node_modules/react-native/Libraries/ActionSheetIOS"
  React-RCTAnimation:
    :path: "../../node_modules/react-native/Libraries/NativeAnimation"
  React-RCTBlob:
    :path: "../../node_modules/react-native/Libraries/Blob"
  React-RCTImage:
    :path: "../../node_modules/react-native/Libraries/Image"
  React-RCTLinking:
    :path: "../../node_modules/react-native/Libraries/LinkingIOS"
  React-RCTNetwork:
    :path: "../../node_modules/react-native/Libraries/Network"
  React-RCTSettings:
    :path: "../../node_modules/react-native/Libraries/Settings"
  React-RCTText:
    :path: "../../node_modules/react-native/Libraries/Text"
  React-RCTVibration:
    :path: "../../node_modules/react-native/Libraries/Vibration"
  React-runtimeexecutor:
    :path: "../../node_modules/react-native/ReactCommon/runtimeexecutor"
  ReactCommon:
    :path: "../../node_modules/react-native/ReactCommon"
  Yoga:
    :path: "../../node_modules/react-native/ReactCommon/yoga"

SPEC CHECKSUMS:
  boost-for-react-native: 39c7adb57c4e60d6c5479dd8623128eb5b3f0f2c
  CocoaAsyncSocket: 065fd1e645c7abab64f7a6a2007a48038fdc6a99
  DoubleConversion: 831926d9b8bf8166fd87886c4abab286c2422662
  FBLazyVector: da2f5e2c1244ccd895cd1c9e30284a6140d757cb
  FBReactNativeSpec: fe46c577739a1b11991fd671109bf1d7380cafd0
  Flipper: b1fddf9a17c32097b2b4c806ad158b2f36bb2692
  Flipper-Boost-iOSX: fd1e2b8cbef7e662a122412d7ac5f5bea715403c
  Flipper-DoubleConversion: 57ffbe81ef95306cc9e69c4aa3aeeeeb58a6a28c
  Flipper-Fmt: 60cbdd92fc254826e61d669a5d87ef7015396a9b
  Flipper-Folly: 83af37379faa69497529e414bd43fbfc7cae259a
  Flipper-Glog: 1dfd6abf1e922806c52ceb8701a3599a79a200a6
  Flipper-PeerTalk: 116d8f857dc6ef55c7a5a75ea3ceaafe878aadc9
  Flipper-RSocket: d9d9ade67cbecf6ac10730304bf5607266dd2541
  FlipperKit: aec2d931adeee48a07bab1ea8bcc8a6bb87dfce4
  fmt: ff9d55029c625d3757ed641535fd4a75fedc7ce9
  glog: 5337263514dd6f09803962437687240c5dc39aa4
  libevent: 4049cae6c81cdb3654a443be001fb9bdceff7913
  OpenSSL-Universal: 1aa4f6a6ee7256b83db99ec1ccdaa80d10f9af9b
  RCT-Folly: 0dd9e1eb86348ecab5ba76f910b56f4b5fef3c46
  RCTRequired: 1b65ab453de585b0f939824780bd26cdf6fb07f8
  RCTTypeSafety: 31f76e2d6734fe3c8084ac9d39201c4a1a3c5b42
  React: 835539d198c491e192baee943dbc8e33201caf71
  React-callinvoker: ec20c8308090a0559d85daa78dab462a439878eb
  React-Core: 193d340a2d8ee3df13fc81f6642666ab549f4421
  React-CoreModules: eee461adb783d86d02fe918983c56b8c61747414
  React-cxxreact: 04f25cc29a8ad807da4ad11496ff75c2880c2bbc
  React-jsi: 29873f0fc48b330fbdd159f09df6d88e69c0f7dd
  React-jsiexecutor: 0fe3300621eb92ce5ae573560a88d24eb8818392
  React-jsinspector: d6addf5799e8dbf9d27b3191810225f0276dfb2d
  react-native-slider: cecabb58ecffad671d2ad3ccc58c7f4d2d029e95
  React-perflogger: 939564c838f8b6ec099b4f858559f0f406c99745
  React-RCTActionSheet: b5135d36ee35ebd883c4fe043db7bd8cbba7516e
  React-RCTAnimation: 93aeefce33bb73f8d82132d7a362819676e1d1e4
  React-RCTBlob: b18d6be433c207cff2e91883ff8de611c189038b
  React-RCTImage: 6640014085834dccf32c7ab276321db008830d28
  React-RCTLinking: ebefa580d6112239a81c26169170ff6c0787ecf7
  React-RCTNetwork: b9c9ec9d63272a580c0a7132c7c969ffb34c0b72
  React-RCTSettings: 32b99076fef72bc7aa46b7ec6196bba406bfbaa7
  React-RCTText: 4873ae2139238f537ee64a620718a1dde0aa454c
  React-RCTVibration: ccbce3086f3a296f2773d1d4feb7d4e56b0d5737
  React-runtimeexecutor: 5bedf6e704373fe9f0cc54aa35a112e5b0051b94
  ReactCommon: bf5dc45e9ec73a75f00de565f2519d6f8594ddf5
  Yoga: e6db7a0be0e80eeb70c04663605e4f6a050ab013
  YogaKit: f782866e155069a2cca2517aafea43200b01fd5a

PODFILE CHECKSUM: 3d0042813859c8885b3ac48b7f278949c7022532

COCOAPODS: 1.11.3
